<?xml version="1.0" encoding="utf-8"?>
<Project ToolsVersion="4.0" xmlns="http://schemas.microsoft.com/developer/msbuild/2003">
  <ItemGroup>
    <Filter Include="NetowrkReaction">
      <UniqueIdentifier>{15f2d592-be87-40ea-aba0-9c7d5bfe0fba}</UniqueIdentifier>
    </Filter>
    <Filter Include="Common">
      <UniqueIdentifier>{f53eea15-8fb2-4307-b636-87a850a201e5}</UniqueIdentifier>
    </Filter>
    <Filter Include="ScreenReaction">
      <UniqueIdentifier>{3c8c9380-579d-4a42-864b-0fcf7a04fb8a}</UniqueIdentifier>
    </Filter>
    <Filter Include="KeyboardReaction">
      <UniqueIdentifier>{af144e9e-a27c-4f85-baf4-ba11ceb8170d}</UniqueIdentifier>
    </Filter>
  </ItemGroup>
  <ItemGroup>
    <ClCompile Include="NetworkAssembler.cpp">
      <Filter>NetowrkReaction</Filter>
    </ClCompile>
    <ClCompile Include="NetworkReact.cpp">
      <Filter>NetowrkReaction</Filter>
    </ClCompile>
    <ClCompile Include="InputActions.cpp">
      <Filter>KeyboardReaction</Filter>
    </ClCompile>
    <ClCompile Include="HookManager.cpp">
      <Filter>KeyboardReaction</Filter>
    </ClCompile>
    <ClCompile Include="ScreenReact.cpp">
      <Filter>ScreenReaction</Filter>
    </ClCompile>
    <ClCompile Include="ImageReact.cpp">
      <Filter>ScreenReaction</Filter>
    </ClCompile>
  </ItemGroup>
  <ItemGroup>
    <ClInclude Include="NetworkAssembler.h">
      <Filter>NetowrkReaction</Filter>
    </ClInclude>
    <ClInclude Include="NetworkReact.h">
      <Filter>NetowrkReaction</Filter>
    </ClInclude>
    <ClInclude Include="InputActions.h">
      <Filter>KeyboardReaction</Filter>
    </ClInclude>
    <ClInclude Include="HookManager.h">
      <Filter>KeyboardReaction</Filter>
    </ClInclude>
    <ClInclude Include="StructsReact.h">
      <Filter>Common</Filter>
    </ClInclude>
    <ClInclude Include="ScreenReact.h">
      <Filter>ScreenReaction</Filter>
    </ClInclude>
    <ClInclude Include="ImageReact.h">
      <Filter>ScreenReaction</Filter>
    </ClInclude>
  </ItemGroup>
</Project>